{
  "name": "agentgate-runtime-control",
  "version": "2.13.8",
  "lockfileVersion": 3,
  "requires": true,
  "packages": {
    "": {
      "name": "agentgate-runtime-control",
      "version": "2.13.8",
      "bin": {
        "agentgate": "bin/agentgate.js"
      },
      "engines": {
        "node": ">=18"
      }
    }
  }
}
